// !$*UTF8*$!
{
	archiveVersion = 1;
	classes = {
	};
	objectVersion = 46;
	objects = {

/* Begin PBXBuildFile section */
		3009B7F41BA1777C00ECB719 /* Localizable.strings in Resources */ = {isa = PBXBuildFile; fileRef = 3009B7F61BA1777C00ECB719 /* Localizable.strings */; };
		3009B7F91BA1777C00ECB719 /* InfoPlist.strings in Resources */ = {isa = PBXBuildFile; fileRef = 3009B7FB1BA1777C00ECB719 /* InfoPlist.strings */; };
		3009B7FE1BA1777D00ECB719 /* InfoPlist.strings in Resources */ = {isa = PBXBuildFile; fileRef = 3009B8001BA1777D00ECB719 /* InfoPlist.strings */; };
		3009B8031BA1777D00ECB719 /* InfoPlist.strings in Resources */ = {isa = PBXBuildFile; fileRef = 3009B8051BA1777D00ECB719 /* InfoPlist.strings */; };
		3009B8081BA1777E00ECB719 /* InfoPlist.strings in Resources */ = {isa = PBXBuildFile; fileRef = 3009B80A1BA1777E00ECB719 /* InfoPlist.strings */; };
		3009B80B1BA1782900ECB719 /* Localizable.strings in Resources */ = {isa = PBXBuildFile; fileRef = 3009B7F61BA1777C00ECB719 /* Localizable.strings */; };
		3019BACD1BA6F4A400F57405 /* DetailViewController.swift in Sources */ = {isa = PBXBuildFile; fileRef = 3019BACC1BA6F4A400F57405 /* DetailViewController.swift */; };
		303749C81B933F8D00983872 /* Client+Extension.swift in Sources */ = {isa = PBXBuildFile; fileRef = 303749C71B933F8D00983872 /* Client+Extension.swift */; };
		303749C91B933F8D00983872 /* Client+Extension.swift in Sources */ = {isa = PBXBuildFile; fileRef = 303749C71B933F8D00983872 /* Client+Extension.swift */; };
		305108D81BB00291000649D4 /* workTrackR WatchKit Extension.appex in Embed App Extensions */ = {isa = PBXBuildFile; fileRef = 30727E781B8CE50400F76520 /* workTrackR WatchKit Extension.appex */; settings = {ATTRIBUTES = (RemoveHeadersOnCopy, ); }; };
		305108DB1BB00291000649D4 /* workTrackR WatchKit App.app in Embed Watch Content */ = {isa = PBXBuildFile; fileRef = 30727E821B8CE50400F76520 /* workTrackR WatchKit App.app */; };
		305563DB1B984B0E00695E46 /* AssignmentTableViewController.swift in Sources */ = {isa = PBXBuildFile; fileRef = 305563DA1B984B0E00695E46 /* AssignmentTableViewController.swift */; };
		305563DF1B98589B00695E46 /* AssignmentTableViewCell.swift in Sources */ = {isa = PBXBuildFile; fileRef = 305563DE1B98589B00695E46 /* AssignmentTableViewCell.swift */; };
		305563E11B985D5900695E46 /* Assignment+Extension.swift in Sources */ = {isa = PBXBuildFile; fileRef = 305563E01B985D5900695E46 /* Assignment+Extension.swift */; };
		305A0C991BA1FE9C00A1027A /* StartTabBarViewController.swift in Sources */ = {isa = PBXBuildFile; fileRef = 305A0C981BA1FE9C00A1027A /* StartTabBarViewController.swift */; };
		305DB91D1B91FF4000F2E6A2 /* Assignment.swift in Sources */ = {isa = PBXBuildFile; fileRef = 305DB91C1B91FF4000F2E6A2 /* Assignment.swift */; };
		305DB91E1B91FF4000F2E6A2 /* Assignment.swift in Sources */ = {isa = PBXBuildFile; fileRef = 305DB91C1B91FF4000F2E6A2 /* Assignment.swift */; };
		305DB9201B91FF4000F2E6A2 /* Client.swift in Sources */ = {isa = PBXBuildFile; fileRef = 305DB91F1B91FF4000F2E6A2 /* Client.swift */; };
		305DB9211B91FF4000F2E6A2 /* Client.swift in Sources */ = {isa = PBXBuildFile; fileRef = 305DB91F1B91FF4000F2E6A2 /* Client.swift */; };
		305DB9231B91FF4000F2E6A2 /* CommandTunnel.swift in Sources */ = {isa = PBXBuildFile; fileRef = 305DB9221B91FF4000F2E6A2 /* CommandTunnel.swift */; };
		305DB9241B91FF4000F2E6A2 /* CommandTunnel.swift in Sources */ = {isa = PBXBuildFile; fileRef = 305DB9221B91FF4000F2E6A2 /* CommandTunnel.swift */; };
		305DB9261B92029D00F2E6A2 /* ClientTableViewController.swift in Sources */ = {isa = PBXBuildFile; fileRef = 305DB9251B92029D00F2E6A2 /* ClientTableViewController.swift */; };
		305DB9281B92030400F2E6A2 /* ClientTableViewCell.swift in Sources */ = {isa = PBXBuildFile; fileRef = 305DB9271B92030400F2E6A2 /* ClientTableViewCell.swift */; };
		3067D46A1B937E80000D9F1E /* bMHelper.swift in Sources */ = {isa = PBXBuildFile; fileRef = 3067D4691B937E80000D9F1E /* bMHelper.swift */; };
		3067D46C1B93897A000D9F1E /* UIView+Extension.swift in Sources */ = {isa = PBXBuildFile; fileRef = 3067D46B1B93897A000D9F1E /* UIView+Extension.swift */; };
		307137541B8F96A6003726DB /* CoreData.swift in Sources */ = {isa = PBXBuildFile; fileRef = 307137531B8F96A6003726DB /* CoreData.swift */; };
		307137551B8F96A6003726DB /* CoreData.swift in Sources */ = {isa = PBXBuildFile; fileRef = 307137531B8F96A6003726DB /* CoreData.swift */; };
		307137561B8F9AA8003726DB /* workTrackR.xcdatamodeld in Sources */ = {isa = PBXBuildFile; fileRef = 30727E531B8CE47900F76520 /* workTrackR.xcdatamodeld */; };
		30727E521B8CE47900F76520 /* AppDelegate.swift in Sources */ = {isa = PBXBuildFile; fileRef = 30727E511B8CE47900F76520 /* AppDelegate.swift */; };
		30727E551B8CE47900F76520 /* workTrackR.xcdatamodeld in Sources */ = {isa = PBXBuildFile; fileRef = 30727E531B8CE47900F76520 /* workTrackR.xcdatamodeld */; };
		30727E5C1B8CE47900F76520 /* Images.xcassets in Resources */ = {isa = PBXBuildFile; fileRef = 30727E5B1B8CE47900F76520 /* Images.xcassets */; };
		30727E5F1B8CE47900F76520 /* LaunchScreen.xib in Resources */ = {isa = PBXBuildFile; fileRef = 30727E5D1B8CE47900F76520 /* LaunchScreen.xib */; };
		30727E6B1B8CE47900F76520 /* workTrackRTests.swift in Sources */ = {isa = PBXBuildFile; fileRef = 30727E6A1B8CE47900F76520 /* workTrackRTests.swift */; };
		30727E7F1B8CE50400F76520 /* Images.xcassets in Resources */ = {isa = PBXBuildFile; fileRef = 30727E7E1B8CE50400F76520 /* Images.xcassets */; };
		30727E8B1B8CE50400F76520 /* Interface.storyboard in Resources */ = {isa = PBXBuildFile; fileRef = 30727E891B8CE50400F76520 /* Interface.storyboard */; };
		30727E8D1B8CE50400F76520 /* Images.xcassets in Resources */ = {isa = PBXBuildFile; fileRef = 30727E8C1B8CE50400F76520 /* Images.xcassets */; };
		3076BAFE1B9A1934006DB27F /* Assignment+Extension.swift in Sources */ = {isa = PBXBuildFile; fileRef = 305563E01B985D5900695E46 /* Assignment+Extension.swift */; };
		3076BB001B9A1A99006DB27F /* CommandTunnel+Extension.swift in Sources */ = {isa = PBXBuildFile; fileRef = 3076BAFF1B9A1A99006DB27F /* CommandTunnel+Extension.swift */; };
		3076BB011B9A1A99006DB27F /* CommandTunnel+Extension.swift in Sources */ = {isa = PBXBuildFile; fileRef = 3076BAFF1B9A1A99006DB27F /* CommandTunnel+Extension.swift */; };
		3076C5481BD4F26500A8BD7A /* Main.storyboard in Resources */ = {isa = PBXBuildFile; fileRef = 3076C5471BD4F26500A8BD7A /* Main.storyboard */; settings = {ASSET_TAGS = (); }; };
		30A918AB1BB050CA002AD662 /* SettingsViewController.swift in Sources */ = {isa = PBXBuildFile; fileRef = 30A918AA1BB050CA002AD662 /* SettingsViewController.swift */; settings = {ASSET_TAGS = (); }; };
		30A918AD1BB05163002AD662 /* AboutViewController.swift in Sources */ = {isa = PBXBuildFile; fileRef = 30A918AC1BB05163002AD662 /* AboutViewController.swift */; settings = {ASSET_TAGS = (); }; };
		30B2D7F51BC1057A00651C7E /* InterfaceController.swift in Sources */ = {isa = PBXBuildFile; fileRef = 30B2D7F41BC1057A00651C7E /* InterfaceController.swift */; settings = {ASSET_TAGS = (); }; };
		30B2D7F71BC105CE00651C7E /* ExtensionDelegate.swift in Sources */ = {isa = PBXBuildFile; fileRef = 30B2D7F61BC105CE00651C7E /* ExtensionDelegate.swift */; settings = {ASSET_TAGS = (); }; };
		30C9AC0B1B8CEEAA00804FDB /* Common.swift in Sources */ = {isa = PBXBuildFile; fileRef = 30C9AC0A1B8CEEAA00804FDB /* Common.swift */; };
		30C9AC0C1B8CF5FA00804FDB /* Common.swift in Sources */ = {isa = PBXBuildFile; fileRef = 30C9AC0A1B8CEEAA00804FDB /* Common.swift */; };
		30D24BFC1BCFD81900EC8FE6 /* ConnectivityHandler.swift in Sources */ = {isa = PBXBuildFile; fileRef = 30D24BFB1BCFD81900EC8FE6 /* ConnectivityHandler.swift */; settings = {ASSET_TAGS = (); }; };
		30D24C001BCFE44700EC8FE6 /* EditOpenAssignmentViewController.swift in Sources */ = {isa = PBXBuildFile; fileRef = 30D24BFF1BCFE44700EC8FE6 /* EditOpenAssignmentViewController.swift */; settings = {ASSET_TAGS = (); }; };
		30DB26E81BCA505D007EE7A2 /* SelectClientTableViewCell.swift in Sources */ = {isa = PBXBuildFile; fileRef = 30DB26E71BCA505D007EE7A2 /* SelectClientTableViewCell.swift */; settings = {ASSET_TAGS = (); }; };
		30DB26EA1BCA657A007EE7A2 /* EditClientTableViewController.swift in Sources */ = {isa = PBXBuildFile; fileRef = 30DB26E91BCA657A007EE7A2 /* EditClientTableViewController.swift */; settings = {ASSET_TAGS = (); }; };
		30DB26EC1BCA669F007EE7A2 /* EditClientTableViewCell.swift in Sources */ = {isa = PBXBuildFile; fileRef = 30DB26EB1BCA669F007EE7A2 /* EditClientTableViewCell.swift */; settings = {ASSET_TAGS = (); }; };
		30DB26F01BCA69B1007EE7A2 /* EditClientViewController.swift in Sources */ = {isa = PBXBuildFile; fileRef = 30DB26EF1BCA69B1007EE7A2 /* EditClientViewController.swift */; settings = {ASSET_TAGS = (); }; };
		30EBC3B61BC2EB71008BACB8 /* OpenAssignmentTableViewController.swift in Sources */ = {isa = PBXBuildFile; fileRef = 30EBC3B51BC2EB71008BACB8 /* OpenAssignmentTableViewController.swift */; settings = {ASSET_TAGS = (); }; };
		30EBC3B81BC2EBC3008BACB8 /* SelectClientTableViewController.swift in Sources */ = {isa = PBXBuildFile; fileRef = 30EBC3B71BC2EBC3008BACB8 /* SelectClientTableViewController.swift */; settings = {ASSET_TAGS = (); }; };
		30EBC3BA1BC2F245008BACB8 /* OpenAssignmentTableViewCell.swift in Sources */ = {isa = PBXBuildFile; fileRef = 30EBC3B91BC2F245008BACB8 /* OpenAssignmentTableViewCell.swift */; settings = {ASSET_TAGS = (); }; };
/* End PBXBuildFile section */

/* Begin PBXContainerItemProxy section */
		305108D61BB00291000649D4 /* PBXContainerItemProxy */ = {
			isa = PBXContainerItemProxy;
			containerPortal = 30727E441B8CE47900F76520 /* Project object */;
			proxyType = 1;
			remoteGlobalIDString = 30727E771B8CE50400F76520;
			remoteInfo = "workTrackR WatchKit Extension";
		};
		305108D91BB00291000649D4 /* PBXContainerItemProxy */ = {
			isa = PBXContainerItemProxy;
			containerPortal = 30727E441B8CE47900F76520 /* Project object */;
			proxyType = 1;
			remoteGlobalIDString = 30727E811B8CE50400F76520;
			remoteInfo = "workTrackR WatchKit App";
		};
		30727E651B8CE47900F76520 /* PBXContainerItemProxy */ = {
			isa = PBXContainerItemProxy;
			containerPortal = 30727E441B8CE47900F76520 /* Project object */;
			proxyType = 1;
			remoteGlobalIDString = 30727E4B1B8CE47900F76520;
			remoteInfo = workTrackR;
		};
/* End PBXContainerItemProxy section */

/* Begin PBXCopyFilesBuildPhase section */
		305108DC1BB00292000649D4 /* Embed App Extensions */ = {
			isa = PBXCopyFilesBuildPhase;
			buildActionMask = 2147483647;
			dstPath = "";
			dstSubfolderSpec = 13;
			files = (
				305108D81BB00291000649D4 /* workTrackR WatchKit Extension.appex in Embed App Extensions */,
			);
			name = "Embed App Extensions";
			runOnlyForDeploymentPostprocessing = 0;
		};
		305108DD1BB00292000649D4 /* Embed Watch Content */ = {
			isa = PBXCopyFilesBuildPhase;
			buildActionMask = 2147483647;
			dstPath = "$(CONTENTS_FOLDER_PATH)/Watch";
			dstSubfolderSpec = 16;
			files = (
				305108DB1BB00291000649D4 /* workTrackR WatchKit App.app in Embed Watch Content */,
			);
			name = "Embed Watch Content";
			runOnlyForDeploymentPostprocessing = 0;
		};
		309422D11BBB1B4900AC12C3 /* Embed App Extensions */ = {
			isa = PBXCopyFilesBuildPhase;
			buildActionMask = 2147483647;
			dstPath = "";
			dstSubfolderSpec = 13;
			files = (
			);
			name = "Embed App Extensions";
			runOnlyForDeploymentPostprocessing = 0;
		};
/* End PBXCopyFilesBuildPhase section */

/* Begin PBXFileReference section */
		3009B7F01BA173BC00ECB719 /* de */ = {isa = PBXFileReference; lastKnownFileType = text.plist.strings; name = de; path = de.lproj/LaunchScreen.strings; sourceTree = "<group>"; };
		3009B7F11BA173BC00ECB719 /* de */ = {isa = PBXFileReference; lastKnownFileType = text.plist.strings; name = de; path = de.lproj/Interface.strings; sourceTree = "<group>"; };
		3009B7F51BA1777C00ECB719 /* de */ = {isa = PBXFileReference; lastKnownFileType = text.plist.strings; name = de; path = de.lproj/Localizable.strings; sourceTree = "<group>"; };
		3009B7FA1BA1777C00ECB719 /* de */ = {isa = PBXFileReference; lastKnownFileType = text.plist.strings; name = de; path = de.lproj/InfoPlist.strings; sourceTree = "<group>"; };
		3009B7FF1BA1777D00ECB719 /* de */ = {isa = PBXFileReference; lastKnownFileType = text.plist.strings; name = de; path = de.lproj/InfoPlist.strings; sourceTree = "<group>"; };
		3009B8041BA1777D00ECB719 /* de */ = {isa = PBXFileReference; lastKnownFileType = text.plist.strings; name = de; path = de.lproj/InfoPlist.strings; sourceTree = "<group>"; };
		3009B8091BA1777E00ECB719 /* de */ = {isa = PBXFileReference; lastKnownFileType = text.plist.strings; name = de; path = de.lproj/InfoPlist.strings; sourceTree = "<group>"; };
		3019BACC1BA6F4A400F57405 /* DetailViewController.swift */ = {isa = PBXFileReference; fileEncoding = 4; lastKnownFileType = sourcecode.swift; path = DetailViewController.swift; sourceTree = "<group>"; };
		303749C71B933F8D00983872 /* Client+Extension.swift */ = {isa = PBXFileReference; fileEncoding = 4; lastKnownFileType = sourcecode.swift; path = "Client+Extension.swift"; sourceTree = "<group>"; };
		305563DA1B984B0E00695E46 /* AssignmentTableViewController.swift */ = {isa = PBXFileReference; fileEncoding = 4; lastKnownFileType = sourcecode.swift; path = AssignmentTableViewController.swift; sourceTree = "<group>"; };
		305563DE1B98589B00695E46 /* AssignmentTableViewCell.swift */ = {isa = PBXFileReference; fileEncoding = 4; lastKnownFileType = sourcecode.swift; path = AssignmentTableViewCell.swift; sourceTree = "<group>"; };
		305563E01B985D5900695E46 /* Assignment+Extension.swift */ = {isa = PBXFileReference; fileEncoding = 4; lastKnownFileType = sourcecode.swift; path = "Assignment+Extension.swift"; sourceTree = "<group>"; };
		305A0C981BA1FE9C00A1027A /* StartTabBarViewController.swift */ = {isa = PBXFileReference; fileEncoding = 4; lastKnownFileType = sourcecode.swift; path = StartTabBarViewController.swift; sourceTree = "<group>"; };
		305DB91C1B91FF4000F2E6A2 /* Assignment.swift */ = {isa = PBXFileReference; fileEncoding = 4; lastKnownFileType = sourcecode.swift; path = Assignment.swift; sourceTree = "<group>"; };
		305DB91F1B91FF4000F2E6A2 /* Client.swift */ = {isa = PBXFileReference; fileEncoding = 4; lastKnownFileType = sourcecode.swift; path = Client.swift; sourceTree = "<group>"; };
		305DB9221B91FF4000F2E6A2 /* CommandTunnel.swift */ = {isa = PBXFileReference; fileEncoding = 4; lastKnownFileType = sourcecode.swift; path = CommandTunnel.swift; sourceTree = "<group>"; };
		305DB9251B92029D00F2E6A2 /* ClientTableViewController.swift */ = {isa = PBXFileReference; fileEncoding = 4; lastKnownFileType = sourcecode.swift; path = ClientTableViewController.swift; sourceTree = "<group>"; };
		305DB9271B92030400F2E6A2 /* ClientTableViewCell.swift */ = {isa = PBXFileReference; fileEncoding = 4; lastKnownFileType = sourcecode.swift; path = ClientTableViewCell.swift; sourceTree = "<group>"; };
		3067D4691B937E80000D9F1E /* bMHelper.swift */ = {isa = PBXFileReference; fileEncoding = 4; lastKnownFileType = sourcecode.swift; path = bMHelper.swift; sourceTree = "<group>"; };
		3067D46B1B93897A000D9F1E /* UIView+Extension.swift */ = {isa = PBXFileReference; fileEncoding = 4; lastKnownFileType = sourcecode.swift; path = "UIView+Extension.swift"; sourceTree = "<group>"; };
		307137531B8F96A6003726DB /* CoreData.swift */ = {isa = PBXFileReference; fileEncoding = 4; lastKnownFileType = sourcecode.swift; path = CoreData.swift; sourceTree = "<group>"; };
		30727E4C1B8CE47900F76520 /* workTrackR.app */ = {isa = PBXFileReference; explicitFileType = wrapper.application; includeInIndex = 0; path = workTrackR.app; sourceTree = BUILT_PRODUCTS_DIR; };
		30727E501B8CE47900F76520 /* Info.plist */ = {isa = PBXFileReference; lastKnownFileType = text.plist.xml; path = Info.plist; sourceTree = "<group>"; };
		30727E511B8CE47900F76520 /* AppDelegate.swift */ = {isa = PBXFileReference; lastKnownFileType = sourcecode.swift; path = AppDelegate.swift; sourceTree = "<group>"; };
		30727E541B8CE47900F76520 /* workTrackR.xcdatamodel */ = {isa = PBXFileReference; lastKnownFileType = wrapper.xcdatamodel; path = workTrackR.xcdatamodel; sourceTree = "<group>"; };
		30727E5B1B8CE47900F76520 /* Images.xcassets */ = {isa = PBXFileReference; lastKnownFileType = folder.assetcatalog; path = Images.xcassets; sourceTree = "<group>"; };
		30727E5E1B8CE47900F76520 /* Base */ = {isa = PBXFileReference; lastKnownFileType = file.xib; name = Base; path = Base.lproj/LaunchScreen.xib; sourceTree = "<group>"; };
		30727E641B8CE47900F76520 /* workTrackRTests.xctest */ = {isa = PBXFileReference; explicitFileType = wrapper.cfbundle; includeInIndex = 0; path = workTrackRTests.xctest; sourceTree = BUILT_PRODUCTS_DIR; };
		30727E691B8CE47900F76520 /* Info.plist */ = {isa = PBXFileReference; lastKnownFileType = text.plist.xml; path = Info.plist; sourceTree = "<group>"; };
		30727E6A1B8CE47900F76520 /* workTrackRTests.swift */ = {isa = PBXFileReference; lastKnownFileType = sourcecode.swift; path = workTrackRTests.swift; sourceTree = "<group>"; };
		30727E781B8CE50400F76520 /* workTrackR WatchKit Extension.appex */ = {isa = PBXFileReference; explicitFileType = "wrapper.app-extension"; includeInIndex = 0; path = "workTrackR WatchKit Extension.appex"; sourceTree = BUILT_PRODUCTS_DIR; };
		30727E7B1B8CE50400F76520 /* Info.plist */ = {isa = PBXFileReference; lastKnownFileType = text.plist.xml; path = Info.plist; sourceTree = "<group>"; };
		30727E7E1B8CE50400F76520 /* Images.xcassets */ = {isa = PBXFileReference; lastKnownFileType = folder.assetcatalog; path = Images.xcassets; sourceTree = "<group>"; };
		30727E821B8CE50400F76520 /* workTrackR WatchKit App.app */ = {isa = PBXFileReference; explicitFileType = wrapper.application; includeInIndex = 0; path = "workTrackR WatchKit App.app"; sourceTree = BUILT_PRODUCTS_DIR; };
		30727E881B8CE50400F76520 /* Info.plist */ = {isa = PBXFileReference; lastKnownFileType = text.plist.xml; path = Info.plist; sourceTree = "<group>"; };
		30727E8A1B8CE50400F76520 /* Base */ = {isa = PBXFileReference; lastKnownFileType = file.storyboard; name = Base; path = Base.lproj/Interface.storyboard; sourceTree = "<group>"; };
		30727E8C1B8CE50400F76520 /* Images.xcassets */ = {isa = PBXFileReference; lastKnownFileType = folder.assetcatalog; path = Images.xcassets; sourceTree = "<group>"; };
		30727E981B8CE70500F76520 /* workTrackR.entitlements */ = {isa = PBXFileReference; lastKnownFileType = text.xml; path = workTrackR.entitlements; sourceTree = "<group>"; };
		3076BAFF1B9A1A99006DB27F /* CommandTunnel+Extension.swift */ = {isa = PBXFileReference; fileEncoding = 4; lastKnownFileType = sourcecode.swift; path = "CommandTunnel+Extension.swift"; sourceTree = "<group>"; };
		3076C5471BD4F26500A8BD7A /* Main.storyboard */ = {isa = PBXFileReference; fileEncoding = 4; lastKnownFileType = file.storyboard; path = Main.storyboard; sourceTree = "<group>"; };
		30A918AA1BB050CA002AD662 /* SettingsViewController.swift */ = {isa = PBXFileReference; fileEncoding = 4; lastKnownFileType = sourcecode.swift; path = SettingsViewController.swift; sourceTree = "<group>"; };
		30A918AC1BB05163002AD662 /* AboutViewController.swift */ = {isa = PBXFileReference; fileEncoding = 4; lastKnownFileType = sourcecode.swift; path = AboutViewController.swift; sourceTree = "<group>"; };
		30B2D7F41BC1057A00651C7E /* InterfaceController.swift */ = {isa = PBXFileReference; fileEncoding = 4; lastKnownFileType = sourcecode.swift; path = InterfaceController.swift; sourceTree = "<group>"; };
		30B2D7F61BC105CE00651C7E /* ExtensionDelegate.swift */ = {isa = PBXFileReference; fileEncoding = 4; lastKnownFileType = sourcecode.swift; path = ExtensionDelegate.swift; sourceTree = "<group>"; };
		30B2D7F81BC1079300651C7E /* workTrackR WatchKit App.entitlements */ = {isa = PBXFileReference; lastKnownFileType = text.xml; path = "workTrackR WatchKit App.entitlements"; sourceTree = "<group>"; };
		30C9AC081B8CEC2B00804FDB /* workTrackR WatchKit Extension.entitlements */ = {isa = PBXFileReference; lastKnownFileType = text.xml; path = "workTrackR WatchKit Extension.entitlements"; sourceTree = "<group>"; };
		30C9AC0A1B8CEEAA00804FDB /* Common.swift */ = {isa = PBXFileReference; fileEncoding = 4; lastKnownFileType = sourcecode.swift; path = Common.swift; sourceTree = "<group>"; };
		30D24BFB1BCFD81900EC8FE6 /* ConnectivityHandler.swift */ = {isa = PBXFileReference; fileEncoding = 4; lastKnownFileType = sourcecode.swift; path = ConnectivityHandler.swift; sourceTree = "<group>"; };
		30D24BFF1BCFE44700EC8FE6 /* EditOpenAssignmentViewController.swift */ = {isa = PBXFileReference; fileEncoding = 4; lastKnownFileType = sourcecode.swift; path = EditOpenAssignmentViewController.swift; sourceTree = "<group>"; };
		30DB26E71BCA505D007EE7A2 /* SelectClientTableViewCell.swift */ = {isa = PBXFileReference; fileEncoding = 4; lastKnownFileType = sourcecode.swift; path = SelectClientTableViewCell.swift; sourceTree = "<group>"; };
		30DB26E91BCA657A007EE7A2 /* EditClientTableViewController.swift */ = {isa = PBXFileReference; fileEncoding = 4; lastKnownFileType = sourcecode.swift; path = EditClientTableViewController.swift; sourceTree = "<group>"; };
		30DB26EB1BCA669F007EE7A2 /* EditClientTableViewCell.swift */ = {isa = PBXFileReference; fileEncoding = 4; lastKnownFileType = sourcecode.swift; path = EditClientTableViewCell.swift; sourceTree = "<group>"; };
		30DB26EF1BCA69B1007EE7A2 /* EditClientViewController.swift */ = {isa = PBXFileReference; fileEncoding = 4; lastKnownFileType = sourcecode.swift; path = EditClientViewController.swift; sourceTree = "<group>"; };
		30EBC3B51BC2EB71008BACB8 /* OpenAssignmentTableViewController.swift */ = {isa = PBXFileReference; fileEncoding = 4; lastKnownFileType = sourcecode.swift; path = OpenAssignmentTableViewController.swift; sourceTree = "<group>"; };
		30EBC3B71BC2EBC3008BACB8 /* SelectClientTableViewController.swift */ = {isa = PBXFileReference; fileEncoding = 4; lastKnownFileType = sourcecode.swift; path = SelectClientTableViewController.swift; sourceTree = "<group>"; };
		30EBC3B91BC2F245008BACB8 /* OpenAssignmentTableViewCell.swift */ = {isa = PBXFileReference; fileEncoding = 4; lastKnownFileType = sourcecode.swift; path = OpenAssignmentTableViewCell.swift; sourceTree = "<group>"; };
/* End PBXFileReference section */

/* Begin PBXFrameworksBuildPhase section */
		30727E491B8CE47900F76520 /* Frameworks */ = {
			isa = PBXFrameworksBuildPhase;
			buildActionMask = 2147483647;
			files = (
			);
			runOnlyForDeploymentPostprocessing = 0;
		};
		30727E611B8CE47900F76520 /* Frameworks */ = {
			isa = PBXFrameworksBuildPhase;
			buildActionMask = 2147483647;
			files = (
			);
			runOnlyForDeploymentPostprocessing = 0;
		};
		30727E751B8CE50400F76520 /* Frameworks */ = {
			isa = PBXFrameworksBuildPhase;
			buildActionMask = 2147483647;
			files = (
			);
			runOnlyForDeploymentPostprocessing = 0;
		};
/* End PBXFrameworksBuildPhase section */

/* Begin PBXGroup section */
		3067D4661B937B6F000D9F1E /* Helper + Extensions */ = {
			isa = PBXGroup;
			children = (
				3067D4691B937E80000D9F1E /* bMHelper.swift */,
				3067D46B1B93897A000D9F1E /* UIView+Extension.swift */,
			);
			name = "Helper + Extensions";
			sourceTree = "<group>";
		};
		30727E431B8CE47900F76520 = {
			isa = PBXGroup;
			children = (
				30727E4E1B8CE47900F76520 /* workTrackR */,
				30727E671B8CE47900F76520 /* workTrackRTests */,
				30727E791B8CE50400F76520 /* workTrackR WatchKit Extension */,
				30727E861B8CE50400F76520 /* workTrackR WatchKit App */,
				30727E4D1B8CE47900F76520 /* Products */,
			);
			sourceTree = "<group>";
		};
		30727E4D1B8CE47900F76520 /* Products */ = {
			isa = PBXGroup;
			children = (
				30727E4C1B8CE47900F76520 /* workTrackR.app */,
				30727E641B8CE47900F76520 /* workTrackRTests.xctest */,
				30727E781B8CE50400F76520 /* workTrackR WatchKit Extension.appex */,
				30727E821B8CE50400F76520 /* workTrackR WatchKit App.app */,
			);
			name = Products;
			sourceTree = "<group>";
		};
		30727E4E1B8CE47900F76520 /* workTrackR */ = {
			isa = PBXGroup;
			children = (
				3067D4661B937B6F000D9F1E /* Helper + Extensions */,
				30C9AC091B8CEE2C00804FDB /* Common */,
				30727E981B8CE70500F76520 /* workTrackR.entitlements */,
				30727E511B8CE47900F76520 /* AppDelegate.swift */,
				30A918AA1BB050CA002AD662 /* SettingsViewController.swift */,
				30EBC3B51BC2EB71008BACB8 /* OpenAssignmentTableViewController.swift */,
				3076C5471BD4F26500A8BD7A /* Main.storyboard */,
				30EBC3B91BC2F245008BACB8 /* OpenAssignmentTableViewCell.swift */,
				30EBC3B71BC2EBC3008BACB8 /* SelectClientTableViewController.swift */,
				30DB26E91BCA657A007EE7A2 /* EditClientTableViewController.swift */,
				30DB26EB1BCA669F007EE7A2 /* EditClientTableViewCell.swift */,
				30D24BFF1BCFE44700EC8FE6 /* EditOpenAssignmentViewController.swift */,
				30DB26EF1BCA69B1007EE7A2 /* EditClientViewController.swift */,
				30DB26E71BCA505D007EE7A2 /* SelectClientTableViewCell.swift */,
				30A918AC1BB05163002AD662 /* AboutViewController.swift */,
				305DB9251B92029D00F2E6A2 /* ClientTableViewController.swift */,
				305DB9271B92030400F2E6A2 /* ClientTableViewCell.swift */,
				305563DA1B984B0E00695E46 /* AssignmentTableViewController.swift */,
				3019BACC1BA6F4A400F57405 /* DetailViewController.swift */,
				305563DE1B98589B00695E46 /* AssignmentTableViewCell.swift */,
				30727E5B1B8CE47900F76520 /* Images.xcassets */,
				30727E5D1B8CE47900F76520 /* LaunchScreen.xib */,
				30727E4F1B8CE47900F76520 /* Supporting Files */,
			);
			path = workTrackR;
			sourceTree = "<group>";
		};
		30727E4F1B8CE47900F76520 /* Supporting Files */ = {
			isa = PBXGroup;
			children = (
				3009B8051BA1777D00ECB719 /* InfoPlist.strings */,
				3009B7F61BA1777C00ECB719 /* Localizable.strings */,
				30727E501B8CE47900F76520 /* Info.plist */,
			);
			name = "Supporting Files";
			sourceTree = "<group>";
		};
		30727E671B8CE47900F76520 /* workTrackRTests */ = {
			isa = PBXGroup;
			children = (
				30727E6A1B8CE47900F76520 /* workTrackRTests.swift */,
				30727E681B8CE47900F76520 /* Supporting Files */,
			);
			path = workTrackRTests;
			sourceTree = "<group>";
		};
		30727E681B8CE47900F76520 /* Supporting Files */ = {
			isa = PBXGroup;
			children = (
				3009B80A1BA1777E00ECB719 /* InfoPlist.strings */,
				30727E691B8CE47900F76520 /* Info.plist */,
			);
			name = "Supporting Files";
			sourceTree = "<group>";
		};
		30727E791B8CE50400F76520 /* workTrackR WatchKit Extension */ = {
			isa = PBXGroup;
			children = (
				30C9AC081B8CEC2B00804FDB /* workTrackR WatchKit Extension.entitlements */,
				30B2D7F41BC1057A00651C7E /* InterfaceController.swift */,
				30B2D7F61BC105CE00651C7E /* ExtensionDelegate.swift */,
				30727E7E1B8CE50400F76520 /* Images.xcassets */,
				30727E7A1B8CE50400F76520 /* Supporting Files */,
			);
			path = "workTrackR WatchKit Extension";
			sourceTree = "<group>";
		};
		30727E7A1B8CE50400F76520 /* Supporting Files */ = {
			isa = PBXGroup;
			children = (
				3009B7FB1BA1777C00ECB719 /* InfoPlist.strings */,
				30727E7B1B8CE50400F76520 /* Info.plist */,
			);
			name = "Supporting Files";
			sourceTree = "<group>";
		};
		30727E861B8CE50400F76520 /* workTrackR WatchKit App */ = {
			isa = PBXGroup;
			children = (
				30B2D7F81BC1079300651C7E /* workTrackR WatchKit App.entitlements */,
				30727E891B8CE50400F76520 /* Interface.storyboard */,
				30727E8C1B8CE50400F76520 /* Images.xcassets */,
				30727E871B8CE50400F76520 /* Supporting Files */,
			);
			path = "workTrackR WatchKit App";
			sourceTree = "<group>";
		};
		30727E871B8CE50400F76520 /* Supporting Files */ = {
			isa = PBXGroup;
			children = (
				3009B8001BA1777D00ECB719 /* InfoPlist.strings */,
				30727E881B8CE50400F76520 /* Info.plist */,
			);
			name = "Supporting Files";
			sourceTree = "<group>";
		};
		30C9AC091B8CEE2C00804FDB /* Common */ = {
			isa = PBXGroup;
			children = (
				30727E531B8CE47900F76520 /* workTrackR.xcdatamodeld */,
				305DB9221B91FF4000F2E6A2 /* CommandTunnel.swift */,
				3076BAFF1B9A1A99006DB27F /* CommandTunnel+Extension.swift */,
				305DB91F1B91FF4000F2E6A2 /* Client.swift */,
				303749C71B933F8D00983872 /* Client+Extension.swift */,
				30D24BFB1BCFD81900EC8FE6 /* ConnectivityHandler.swift */,
				305DB91C1B91FF4000F2E6A2 /* Assignment.swift */,
				305563E01B985D5900695E46 /* Assignment+Extension.swift */,
				30C9AC0A1B8CEEAA00804FDB /* Common.swift */,
				305A0C981BA1FE9C00A1027A /* StartTabBarViewController.swift */,
				307137531B8F96A6003726DB /* CoreData.swift */,
			);
			name = Common;
			sourceTree = "<group>";
		};
/* End PBXGroup section */

/* Begin PBXNativeTarget section */
		30727E4B1B8CE47900F76520 /* workTrackR */ = {
			isa = PBXNativeTarget;
			buildConfigurationList = 30727E6E1B8CE47900F76520 /* Build configuration list for PBXNativeTarget "workTrackR" */;
			buildPhases = (
				30727E481B8CE47900F76520 /* Sources */,
				30727E491B8CE47900F76520 /* Frameworks */,
				30727E4A1B8CE47900F76520 /* Resources */,
				305108DD1BB00292000649D4 /* Embed Watch Content */,
				309422D11BBB1B4900AC12C3 /* Embed App Extensions */,
			);
			buildRules = (
			);
			dependencies = (
				305108DA1BB00291000649D4 /* PBXTargetDependency */,
			);
			name = workTrackR;
			productName = workTrackR;
			productReference = 30727E4C1B8CE47900F76520 /* workTrackR.app */;
			productType = "com.apple.product-type.application";
		};
		30727E631B8CE47900F76520 /* workTrackRTests */ = {
			isa = PBXNativeTarget;
			buildConfigurationList = 30727E711B8CE47900F76520 /* Build configuration list for PBXNativeTarget "workTrackRTests" */;
			buildPhases = (
				30727E601B8CE47900F76520 /* Sources */,
				30727E611B8CE47900F76520 /* Frameworks */,
				30727E621B8CE47900F76520 /* Resources */,
			);
			buildRules = (
			);
			dependencies = (
				30727E661B8CE47900F76520 /* PBXTargetDependency */,
			);
			name = workTrackRTests;
			productName = workTrackRTests;
			productReference = 30727E641B8CE47900F76520 /* workTrackRTests.xctest */;
			productType = "com.apple.product-type.bundle.unit-test";
		};
		30727E771B8CE50400F76520 /* workTrackR WatchKit Extension */ = {
			isa = PBXNativeTarget;
			buildConfigurationList = 30727E941B8CE50400F76520 /* Build configuration list for PBXNativeTarget "workTrackR WatchKit Extension" */;
			buildPhases = (
				30727E741B8CE50400F76520 /* Sources */,
				30727E751B8CE50400F76520 /* Frameworks */,
				30727E761B8CE50400F76520 /* Resources */,
			);
			buildRules = (
			);
			dependencies = (
			);
			name = "workTrackR WatchKit Extension";
			productName = "workTrackR WatchKit Extension";
			productReference = 30727E781B8CE50400F76520 /* workTrackR WatchKit Extension.appex */;
			productType = "com.apple.product-type.watchkit2-extension";
		};
		30727E811B8CE50400F76520 /* workTrackR WatchKit App */ = {
			isa = PBXNativeTarget;
			buildConfigurationList = 30727E911B8CE50400F76520 /* Build configuration list for PBXNativeTarget "workTrackR WatchKit App" */;
			buildPhases = (
				30727E801B8CE50400F76520 /* Resources */,
				305108DC1BB00292000649D4 /* Embed App Extensions */,
			);
			buildRules = (
			);
			dependencies = (
				305108D71BB00291000649D4 /* PBXTargetDependency */,
			);
			name = "workTrackR WatchKit App";
			productName = "workTrackR WatchKit App";
			productReference = 30727E821B8CE50400F76520 /* workTrackR WatchKit App.app */;
			productType = "com.apple.product-type.application.watchapp2";
		};
/* End PBXNativeTarget section */

/* Begin PBXProject section */
		30727E441B8CE47900F76520 /* Project object */ = {
			isa = PBXProject;
			attributes = {
				LastSwiftMigration = 0710;
				LastSwiftUpdateCheck = 0710;
				LastUpgradeCheck = 0710;
				ORGANIZATIONNAME = "Marc Bintinger";
				TargetAttributes = {
					30727E4B1B8CE47900F76520 = {
						CreatedOnToolsVersion = 6.4;
						DevelopmentTeam = SZ3529JGC3;
						SystemCapabilities = {
							com.apple.ApplicationGroups.iOS = {
								enabled = 1;
							};
							com.apple.iCloud = {
								enabled = 1;
							};
						};
					};
					30727E631B8CE47900F76520 = {
						CreatedOnToolsVersion = 6.4;
						TestTargetID = 30727E4B1B8CE47900F76520;
					};
					30727E771B8CE50400F76520 = {
						CreatedOnToolsVersion = 6.4;
						DevelopmentTeam = SZ3529JGC3;
						SystemCapabilities = {
							com.apple.ApplicationGroups.iOS = {
								enabled = 1;
							};
						};
					};
					30727E811B8CE50400F76520 = {
						CreatedOnToolsVersion = 6.4;
						DevelopmentTeam = SZ3529JGC3;
						SystemCapabilities = {
							com.apple.ApplicationGroups.iOS = {
								enabled = 1;
							};
						};
					};
				};
			};
			buildConfigurationList = 30727E471B8CE47900F76520 /* Build configuration list for PBXProject "workTrackR" */;
			compatibilityVersion = "Xcode 3.2";
			developmentRegion = English;
			hasScannedForEncodings = 0;
			knownRegions = (
				en,
				Base,
			);
			mainGroup = 30727E431B8CE47900F76520;
			productRefGroup = 30727E4D1B8CE47900F76520 /* Products */;
			projectDirPath = "";
			projectRoot = "";
			targets = (
				30727E4B1B8CE47900F76520 /* workTrackR */,
				30727E631B8CE47900F76520 /* workTrackRTests */,
				30727E771B8CE50400F76520 /* workTrackR WatchKit Extension */,
				30727E811B8CE50400F76520 /* workTrackR WatchKit App */,
			);
		};
/* End PBXProject section */

/* Begin PBXResourcesBuildPhase section */
		30727E4A1B8CE47900F76520 /* Resources */ = {
			isa = PBXResourcesBuildPhase;
			buildActionMask = 2147483647;
			files = (
				3009B7F41BA1777C00ECB719 /* Localizable.strings in Resources */,
				3076C5481BD4F26500A8BD7A /* Main.storyboard in Resources */,
				30727E5F1B8CE47900F76520 /* LaunchScreen.xib in Resources */,
				30727E5C1B8CE47900F76520 /* Images.xcassets in Resources */,
				3009B8031BA1777D00ECB719 /* InfoPlist.strings in Resources */,
			);
			runOnlyForDeploymentPostprocessing = 0;
		};
		30727E621B8CE47900F76520 /* Resources */ = {
			isa = PBXResourcesBuildPhase;
			buildActionMask = 2147483647;
			files = (
				3009B8081BA1777E00ECB719 /* InfoPlist.strings in Resources */,
			);
			runOnlyForDeploymentPostprocessing = 0;
		};
		30727E761B8CE50400F76520 /* Resources */ = {
			isa = PBXResourcesBuildPhase;
			buildActionMask = 2147483647;
			files = (
				3009B80B1BA1782900ECB719 /* Localizable.strings in Resources */,
				3009B7F91BA1777C00ECB719 /* InfoPlist.strings in Resources */,
				30727E7F1B8CE50400F76520 /* Images.xcassets in Resources */,
			);
			runOnlyForDeploymentPostprocessing = 0;
		};
		30727E801B8CE50400F76520 /* Resources */ = {
			isa = PBXResourcesBuildPhase;
			buildActionMask = 2147483647;
			files = (
				30727E8B1B8CE50400F76520 /* Interface.storyboard in Resources */,
				3009B7FE1BA1777D00ECB719 /* InfoPlist.strings in Resources */,
				30727E8D1B8CE50400F76520 /* Images.xcassets in Resources */,
			);
			runOnlyForDeploymentPostprocessing = 0;
		};
/* End PBXResourcesBuildPhase section */

/* Begin PBXSourcesBuildPhase section */
		30727E481B8CE47900F76520 /* Sources */ = {
			isa = PBXSourcesBuildPhase;
			buildActionMask = 2147483647;
			files = (
				305DB9261B92029D00F2E6A2 /* ClientTableViewController.swift in Sources */,
				305DB91D1B91FF4000F2E6A2 /* Assignment.swift in Sources */,
				30EBC3BA1BC2F245008BACB8 /* OpenAssignmentTableViewCell.swift in Sources */,
				3076BB001B9A1A99006DB27F /* CommandTunnel+Extension.swift in Sources */,
				305DB9201B91FF4000F2E6A2 /* Client.swift in Sources */,
				305563E11B985D5900695E46 /* Assignment+Extension.swift in Sources */,
				30A918AB1BB050CA002AD662 /* SettingsViewController.swift in Sources */,
				305A0C991BA1FE9C00A1027A /* StartTabBarViewController.swift in Sources */,
				30C9AC0B1B8CEEAA00804FDB /* Common.swift in Sources */,
				3067D46A1B937E80000D9F1E /* bMHelper.swift in Sources */,
				30EBC3B61BC2EB71008BACB8 /* OpenAssignmentTableViewController.swift in Sources */,
				30727E521B8CE47900F76520 /* AppDelegate.swift in Sources */,
				30DB26F01BCA69B1007EE7A2 /* EditClientViewController.swift in Sources */,
				30DB26EC1BCA669F007EE7A2 /* EditClientTableViewCell.swift in Sources */,
				30DB26E81BCA505D007EE7A2 /* SelectClientTableViewCell.swift in Sources */,
				3067D46C1B93897A000D9F1E /* UIView+Extension.swift in Sources */,
				3019BACD1BA6F4A400F57405 /* DetailViewController.swift in Sources */,
				305DB9231B91FF4000F2E6A2 /* CommandTunnel.swift in Sources */,
				30D24C001BCFE44700EC8FE6 /* EditOpenAssignmentViewController.swift in Sources */,
				30EBC3B81BC2EBC3008BACB8 /* SelectClientTableViewController.swift in Sources */,
				303749C81B933F8D00983872 /* Client+Extension.swift in Sources */,
				30727E551B8CE47900F76520 /* workTrackR.xcdatamodeld in Sources */,
				30DB26EA1BCA657A007EE7A2 /* EditClientTableViewController.swift in Sources */,
				305563DF1B98589B00695E46 /* AssignmentTableViewCell.swift in Sources */,
				305563DB1B984B0E00695E46 /* AssignmentTableViewController.swift in Sources */,
				307137541B8F96A6003726DB /* CoreData.swift in Sources */,
				30D24BFC1BCFD81900EC8FE6 /* ConnectivityHandler.swift in Sources */,
				30A918AD1BB05163002AD662 /* AboutViewController.swift in Sources */,
				305DB9281B92030400F2E6A2 /* ClientTableViewCell.swift in Sources */,
			);
			runOnlyForDeploymentPostprocessing = 0;
		};
		30727E601B8CE47900F76520 /* Sources */ = {
			isa = PBXSourcesBuildPhase;
			buildActionMask = 2147483647;
			files = (
				30727E6B1B8CE47900F76520 /* workTrackRTests.swift in Sources */,
			);
			runOnlyForDeploymentPostprocessing = 0;
		};
		30727E741B8CE50400F76520 /* Sources */ = {
			isa = PBXSourcesBuildPhase;
			buildActionMask = 2147483647;
			files = (
				303749C91B933F8D00983872 /* Client+Extension.swift in Sources */,
				30C9AC0C1B8CF5FA00804FDB /* Common.swift in Sources */,
				307137561B8F9AA8003726DB /* workTrackR.xcdatamodeld in Sources */,
				30B2D7F71BC105CE00651C7E /* ExtensionDelegate.swift in Sources */,
				3076BB011B9A1A99006DB27F /* CommandTunnel+Extension.swift in Sources */,
				305DB9241B91FF4000F2E6A2 /* CommandTunnel.swift in Sources */,
				30B2D7F51BC1057A00651C7E /* InterfaceController.swift in Sources */,
				305DB9211B91FF4000F2E6A2 /* Client.swift in Sources */,
				307137551B8F96A6003726DB /* CoreData.swift in Sources */,
				305DB91E1B91FF4000F2E6A2 /* Assignment.swift in Sources */,
				3076BAFE1B9A1934006DB27F /* Assignment+Extension.swift in Sources */,
			);
			runOnlyForDeploymentPostprocessing = 0;
		};
/* End PBXSourcesBuildPhase section */

/* Begin PBXTargetDependency section */
		305108D71BB00291000649D4 /* PBXTargetDependency */ = {
			isa = PBXTargetDependency;
			target = 30727E771B8CE50400F76520 /* workTrackR WatchKit Extension */;
			targetProxy = 305108D61BB00291000649D4 /* PBXContainerItemProxy */;
		};
		305108DA1BB00291000649D4 /* PBXTargetDependency */ = {
			isa = PBXTargetDependency;
			target = 30727E811B8CE50400F76520 /* workTrackR WatchKit App */;
			targetProxy = 305108D91BB00291000649D4 /* PBXContainerItemProxy */;
		};
		30727E661B8CE47900F76520 /* PBXTargetDependency */ = {
			isa = PBXTargetDependency;
			target = 30727E4B1B8CE47900F76520 /* workTrackR */;
			targetProxy = 30727E651B8CE47900F76520 /* PBXContainerItemProxy */;
		};
/* End PBXTargetDependency section */

/* Begin PBXVariantGroup section */
		3009B7F61BA1777C00ECB719 /* Localizable.strings */ = {
			isa = PBXVariantGroup;
			children = (
				3009B7F51BA1777C00ECB719 /* de */,
			);
			name = Localizable.strings;
			sourceTree = "<group>";
		};
		3009B7FB1BA1777C00ECB719 /* InfoPlist.strings */ = {
			isa = PBXVariantGroup;
			children = (
				3009B7FA1BA1777C00ECB719 /* de */,
			);
			name = InfoPlist.strings;
			sourceTree = "<group>";
		};
		3009B8001BA1777D00ECB719 /* InfoPlist.strings */ = {
			isa = PBXVariantGroup;
			children = (
				3009B7FF1BA1777D00ECB719 /* de */,
			);
			name = InfoPlist.strings;
			sourceTree = "<group>";
		};
		3009B8051BA1777D00ECB719 /* InfoPlist.strings */ = {
			isa = PBXVariantGroup;
			children = (
				3009B8041BA1777D00ECB719 /* de */,
			);
			name = InfoPlist.strings;
			sourceTree = "<group>";
		};
		3009B80A1BA1777E00ECB719 /* InfoPlist.strings */ = {
			isa = PBXVariantGroup;
			children = (
				3009B8091BA1777E00ECB719 /* de */,
			);
			name = InfoPlist.strings;
			sourceTree = "<group>";
		};
		30727E5D1B8CE47900F76520 /* LaunchScreen.xib */ = {
			isa = PBXVariantGroup;
			children = (
				30727E5E1B8CE47900F76520 /* Base */,
				3009B7F01BA173BC00ECB719 /* de */,
			);
			name = LaunchScreen.xib;
			sourceTree = "<group>";
		};
		30727E891B8CE50400F76520 /* Interface.storyboard */ = {
			isa = PBXVariantGroup;
			children = (
				30727E8A1B8CE50400F76520 /* Base */,
				3009B7F11BA173BC00ECB719 /* de */,
			);
			name = Interface.storyboard;
			sourceTree = "<group>";
		};
/* End PBXVariantGroup section */

/* Begin XCBuildConfiguration section */
		30727E6C1B8CE47900F76520 /* Debug */ = {
			isa = XCBuildConfiguration;
			buildSettings = {
				ALWAYS_SEARCH_USER_PATHS = YES;
				CLANG_CXX_LANGUAGE_STANDARD = "gnu++0x";
				CLANG_CXX_LIBRARY = "libc++";
				CLANG_ENABLE_MODULES = YES;
				CLANG_ENABLE_OBJC_ARC = YES;
				CLANG_WARN_BOOL_CONVERSION = YES;
				CLANG_WARN_CONSTANT_CONVERSION = YES;
				CLANG_WARN_DIRECT_OBJC_ISA_USAGE = YES_ERROR;
				CLANG_WARN_EMPTY_BODY = YES;
				CLANG_WARN_ENUM_CONVERSION = YES;
				CLANG_WARN_INT_CONVERSION = YES;
				CLANG_WARN_OBJC_ROOT_CLASS = YES_ERROR;
				CLANG_WARN_UNREACHABLE_CODE = YES;
				CLANG_WARN__DUPLICATE_METHOD_MATCH = YES;
				"CODE_SIGN_IDENTITY[sdk=iphoneos*]" = "iPhone Developer";
				COPY_PHASE_STRIP = NO;
				DEBUG_INFORMATION_FORMAT = "dwarf-with-dsym";
				ENABLE_BITCODE = YES;
				ENABLE_STRICT_OBJC_MSGSEND = YES;
				ENABLE_TESTABILITY = YES;
				GCC_C_LANGUAGE_STANDARD = gnu99;
				GCC_DYNAMIC_NO_PIC = NO;
				GCC_NO_COMMON_BLOCKS = YES;
				GCC_OPTIMIZATION_LEVEL = 0;
				GCC_PREPROCESSOR_DEFINITIONS = (
					"DEBUG=1",
					"$(inherited)",
				);
				GCC_SYMBOLS_PRIVATE_EXTERN = NO;
				GCC_WARN_64_TO_32_BIT_CONVERSION = YES;
				GCC_WARN_ABOUT_RETURN_TYPE = YES_ERROR;
				GCC_WARN_UNDECLARED_SELECTOR = YES;
				GCC_WARN_UNINITIALIZED_AUTOS = YES_AGGRESSIVE;
				GCC_WARN_UNUSED_FUNCTION = YES;
				GCC_WARN_UNUSED_VARIABLE = YES;
				IPHONEOS_DEPLOYMENT_TARGET = 9.0;
				MTL_ENABLE_DEBUG_INFO = YES;
				ONLY_ACTIVE_ARCH = YES;
				SDKROOT = iphoneos;
				SWIFT_OPTIMIZATION_LEVEL = "-Onone";
				WATCHOS_DEPLOYMENT_TARGET = 2.0;
			};
			name = Debug;
		};
		30727E6D1B8CE47900F76520 /* Release */ = {
			isa = XCBuildConfiguration;
			buildSettings = {
				ALWAYS_SEARCH_USER_PATHS = YES;
				CLANG_CXX_LANGUAGE_STANDARD = "gnu++0x";
				CLANG_CXX_LIBRARY = "libc++";
				CLANG_ENABLE_MODULES = YES;
				CLANG_ENABLE_OBJC_ARC = YES;
				CLANG_WARN_BOOL_CONVERSION = YES;
				CLANG_WARN_CONSTANT_CONVERSION = YES;
				CLANG_WARN_DIRECT_OBJC_ISA_USAGE = YES_ERROR;
				CLANG_WARN_EMPTY_BODY = YES;
				CLANG_WARN_ENUM_CONVERSION = YES;
				CLANG_WARN_INT_CONVERSION = YES;
				CLANG_WARN_OBJC_ROOT_CLASS = YES_ERROR;
				CLANG_WARN_UNREACHABLE_CODE = YES;
				CLANG_WARN__DUPLICATE_METHOD_MATCH = YES;
				"CODE_SIGN_IDENTITY[sdk=iphoneos*]" = "iPhone Developer";
				COPY_PHASE_STRIP = NO;
				DEBUG_INFORMATION_FORMAT = "dwarf-with-dsym";
				ENABLE_BITCODE = YES;
				ENABLE_NS_ASSERTIONS = NO;
				ENABLE_STRICT_OBJC_MSGSEND = YES;
				GCC_C_LANGUAGE_STANDARD = gnu99;
				GCC_NO_COMMON_BLOCKS = YES;
				GCC_WARN_64_TO_32_BIT_CONVERSION = YES;
				GCC_WARN_ABOUT_RETURN_TYPE = YES_ERROR;
				GCC_WARN_UNDECLARED_SELECTOR = YES;
				GCC_WARN_UNINITIALIZED_AUTOS = YES_AGGRESSIVE;
				GCC_WARN_UNUSED_FUNCTION = YES;
				GCC_WARN_UNUSED_VARIABLE = YES;
				IPHONEOS_DEPLOYMENT_TARGET = 9.0;
				MTL_ENABLE_DEBUG_INFO = NO;
				SDKROOT = iphoneos;
				VALIDATE_PRODUCT = YES;
				WATCHOS_DEPLOYMENT_TARGET = 2.0;
			};
			name = Release;
		};
		30727E6F1B8CE47900F76520 /* Debug */ = {
			isa = XCBuildConfiguration;
			buildSettings = {
				ALWAYS_SEARCH_USER_PATHS = NO;
				ASSETCATALOG_COMPILER_APPICON_NAME = AppIcon;
				CLANG_ENABLE_MODULES = YES;
				CODE_SIGN_ENTITLEMENTS = workTrackR/workTrackR.entitlements;
				CODE_SIGN_IDENTITY = "iPhone Developer";
				"CODE_SIGN_IDENTITY[sdk=iphoneos*]" = "iPhone Developer";
				EMBEDDED_CONTENT_CONTAINS_SWIFT = YES;
				FRAMEWORK_SEARCH_PATHS = "";
				INFOPLIST_FILE = workTrackR/Info.plist;
				LD_RUNPATH_SEARCH_PATHS = "$(inherited) @executable_path/Frameworks";
				"LIBRARY_SEARCH_PATHS[arch=*]" = "./ ";
				PRODUCT_BUNDLE_IDENTIFIER = "at.bintinger.$(PRODUCT_NAME:rfc1034identifier)";
				PRODUCT_NAME = "$(TARGET_NAME)";
				PROVISIONING_PROFILE = "";
				SWIFT_OPTIMIZATION_LEVEL = "-Onone";
				TARGETED_DEVICE_FAMILY = 1;
				WATCHOS_DEPLOYMENT_TARGET = 2.0;
			};
			name = Debug;
		};
		30727E701B8CE47900F76520 /* Release */ = {
			isa = XCBuildConfiguration;
			buildSettings = {
				ALWAYS_SEARCH_USER_PATHS = NO;
				ASSETCATALOG_COMPILER_APPICON_NAME = AppIcon;
				CLANG_ENABLE_MODULES = YES;
				CODE_SIGN_ENTITLEMENTS = workTrackR/workTrackR.entitlements;
				CODE_SIGN_IDENTITY = "iPhone Developer";
				"CODE_SIGN_IDENTITY[sdk=iphoneos*]" = "iPhone Developer";
				EMBEDDED_CONTENT_CONTAINS_SWIFT = YES;
				FRAMEWORK_SEARCH_PATHS = "";
				INFOPLIST_FILE = workTrackR/Info.plist;
				LD_RUNPATH_SEARCH_PATHS = "$(inherited) @executable_path/Frameworks";
				"LIBRARY_SEARCH_PATHS[arch=*]" = "./ ";
				PRODUCT_BUNDLE_IDENTIFIER = "at.bintinger.$(PRODUCT_NAME:rfc1034identifier)";
				PRODUCT_NAME = "$(TARGET_NAME)";
				PROVISIONING_PROFILE = "";
				TARGETED_DEVICE_FAMILY = 1;
				WATCHOS_DEPLOYMENT_TARGET = 2.0;
			};
			name = Release;
		};
		30727E721B8CE47900F76520 /* Debug */ = {
			isa = XCBuildConfiguration;
			buildSettings = {
				BUNDLE_LOADER = "$(TEST_HOST)";
				FRAMEWORK_SEARCH_PATHS = (
					"$(SDKROOT)/Developer/Library/Frameworks",
					"$(inherited)",
				);
				GCC_PREPROCESSOR_DEFINITIONS = (
					"DEBUG=1",
					"$(inherited)",
				);
				INFOPLIST_FILE = workTrackRTests/Info.plist;
				LD_RUNPATH_SEARCH_PATHS = "$(inherited) @executable_path/Frameworks @loader_path/Frameworks";
				PRODUCT_BUNDLE_IDENTIFIER = "at.bintinger.$(PRODUCT_NAME:rfc1034identifier)";
				PRODUCT_NAME = "$(TARGET_NAME)";
				TEST_HOST = "$(BUILT_PRODUCTS_DIR)/workTrackR.app/workTrackR";
			};
			name = Debug;
		};
		30727E731B8CE47900F76520 /* Release */ = {
			isa = XCBuildConfiguration;
			buildSettings = {
				BUNDLE_LOADER = "$(TEST_HOST)";
				FRAMEWORK_SEARCH_PATHS = (
					"$(SDKROOT)/Developer/Library/Frameworks",
					"$(inherited)",
				);
				INFOPLIST_FILE = workTrackRTests/Info.plist;
				LD_RUNPATH_SEARCH_PATHS = "$(inherited) @executable_path/Frameworks @loader_path/Frameworks";
				PRODUCT_BUNDLE_IDENTIFIER = "at.bintinger.$(PRODUCT_NAME:rfc1034identifier)";
				PRODUCT_NAME = "$(TARGET_NAME)";
				TEST_HOST = "$(BUILT_PRODUCTS_DIR)/workTrackR.app/workTrackR";
			};
			name = Release;
		};
		30727E921B8CE50400F76520 /* Debug */ = {
			isa = XCBuildConfiguration;
			buildSettings = {
				ASSETCATALOG_COMPILER_APPICON_NAME = AppIcon;
				CLANG_ENABLE_MODULES = YES;
				CODE_SIGN_ENTITLEMENTS = "workTrackR WatchKit App/workTrackR WatchKit App.entitlements";
				CODE_SIGN_IDENTITY = "iPhone Developer";
				"CODE_SIGN_IDENTITY[sdk=watchos*]" = "iPhone Developer";
				EMBEDDED_CONTENT_CONTAINS_SWIFT = YES;
				GCC_PREPROCESSOR_DEFINITIONS = (
					"DEBUG=1",
					"$(inherited)",
				);
				IBSC_MODULE = workTrackR_WatchKit_Extension;
				INFOPLIST_FILE = "workTrackR WatchKit App/Info.plist";
				LD_RUNPATH_SEARCH_PATHS = "$(inherited) @executable_path/../Frameworks @loader_path/../Frameworks";
				PRODUCT_BUNDLE_IDENTIFIER = at.bintinger.workTrackR.watchkitapp;
				PRODUCT_NAME = "$(TARGET_NAME)";
				PROVISIONING_PROFILE = "";
				SDKROOT = watchos;
				SKIP_INSTALL = YES;
				SWIFT_OPTIMIZATION_LEVEL = "-Onone";
				TARGETED_DEVICE_FAMILY = 4;
				WATCHOS_DEPLOYMENT_TARGET = 2.0;
			};
			name = Debug;
		};
		30727E931B8CE50400F76520 /* Release */ = {
			isa = XCBuildConfiguration;
			buildSettings = {
				ASSETCATALOG_COMPILER_APPICON_NAME = AppIcon;
				CLANG_ENABLE_MODULES = YES;
				CODE_SIGN_ENTITLEMENTS = "workTrackR WatchKit App/workTrackR WatchKit App.entitlements";
				CODE_SIGN_IDENTITY = "iPhone Developer";
				"CODE_SIGN_IDENTITY[sdk=watchos*]" = "iPhone Developer";
				EMBEDDED_CONTENT_CONTAINS_SWIFT = YES;
				IBSC_MODULE = workTrackR_WatchKit_Extension;
				INFOPLIST_FILE = "workTrackR WatchKit App/Info.plist";
				LD_RUNPATH_SEARCH_PATHS = "$(inherited) @executable_path/../Frameworks @loader_path/../Frameworks";
				PRODUCT_BUNDLE_IDENTIFIER = at.bintinger.workTrackR.watchkitapp;
				PRODUCT_NAME = "$(TARGET_NAME)";
				PROVISIONING_PROFILE = "";
				SDKROOT = watchos;
				SKIP_INSTALL = YES;
				TARGETED_DEVICE_FAMILY = 4;
				WATCHOS_DEPLOYMENT_TARGET = 2.0;
			};
			name = Release;
		};
		30727E951B8CE50400F76520 /* Debug */ = {
			isa = XCBuildConfiguration;
			buildSettings = {
				CODE_SIGN_ENTITLEMENTS = "workTrackR WatchKit Extension/workTrackR WatchKit Extension.entitlements";
				CODE_SIGN_IDENTITY = "iPhone Developer";
				"CODE_SIGN_IDENTITY[sdk=iphoneos*]" = "iPhone Developer";
				"CODE_SIGN_IDENTITY[sdk=watchos*]" = "iPhone Developer";
				GCC_PREPROCESSOR_DEFINITIONS = (
					"DEBUG=1",
					"$(inherited)",
				);
				INFOPLIST_FILE = "workTrackR WatchKit Extension/Info.plist";
				LD_RUNPATH_SEARCH_PATHS = "$(inherited) @executable_path/Frameworks @executable_path/../../Frameworks";
				PRODUCT_BUNDLE_IDENTIFIER = at.bintinger.workTrackR.watchkitapp.watchkitextension;
				PRODUCT_NAME = "${TARGET_NAME}";
				PROVISIONING_PROFILE = "";
				SDKROOT = watchos;
				SKIP_INSTALL = YES;
				TARGETED_DEVICE_FAMILY = 4;
				WATCHOS_DEPLOYMENT_TARGET = 2.0;
			};
			name = Debug;
		};
		30727E961B8CE50400F76520 /* Release */ = {
			isa = XCBuildConfiguration;
			buildSettings = {
				CODE_SIGN_ENTITLEMENTS = "workTrackR WatchKit Extension/workTrackR WatchKit Extension.entitlements";
				CODE_SIGN_IDENTITY = "iPhone Developer";
				"CODE_SIGN_IDENTITY[sdk=iphoneos*]" = "iPhone Developer";
				"CODE_SIGN_IDENTITY[sdk=watchos*]" = "iPhone Developer";
				INFOPLIST_FILE = "workTrackR WatchKit Extension/Info.plist";
				LD_RUNPATH_SEARCH_PATHS = "$(inherited) @executable_path/Frameworks @executable_path/../../Frameworks";
				PRODUCT_BUNDLE_IDENTIFIER = at.bintinger.workTrackR.watchkitapp.watchkitextension;
				PRODUCT_NAME = "${TARGET_NAME}";
				PROVISIONING_PROFILE = "";
				SDKROOT = watchos;
				SKIP_INSTALL = YES;
				TARGETED_DEVICE_FAMILY = 4;
				WATCHOS_DEPLOYMENT_TARGET = 2.0;
			};
			name = Release;
		};
/* End XCBuildConfiguration section */

/* Begin XCConfigurationList section */
		30727E471B8CE47900F76520 /* Build configuration list for PBXProject "workTrackR" */ = {
			isa = XCConfigurationList;
			buildConfigurations = (
				30727E6C1B8CE47900F76520 /* Debug */,
				30727E6D1B8CE47900F76520 /* Release */,
			);
			defaultConfigurationIsVisible = 0;
			defaultConfigurationName = Release;
		};
		30727E6E1B8CE47900F76520 /* Build configuration list for PBXNativeTarget "workTrackR" */ = {
			isa = XCConfigurationList;
			buildConfigurations = (
				30727E6F1B8CE47900F76520 /* Debug */,
				30727E701B8CE47900F76520 /* Release */,
			);
			defaultConfigurationIsVisible = 0;
			defaultConfigurationName = Release;
		};
		30727E711B8CE47900F76520 /* Build configuration list for PBXNativeTarget "workTrackRTests" */ = {
			isa = XCConfigurationList;
			buildConfigurations = (
				30727E721B8CE47900F76520 /* Debug */,
				30727E731B8CE47900F76520 /* Release */,
			);
			defaultConfigurationIsVisible = 0;
			defaultConfigurationName = Release;
		};
		30727E911B8CE50400F76520 /* Build configuration list for PBXNativeTarget "workTrackR WatchKit App" */ = {
			isa = XCConfigurationList;
			buildConfigurations = (
				30727E921B8CE50400F76520 /* Debug */,
				30727E931B8CE50400F76520 /* Release */,
			);
			defaultConfigurationIsVisible = 0;
			defaultConfigurationName = Release;
		};
		30727E941B8CE50400F76520 /* Build configuration list for PBXNativeTarget "workTrackR WatchKit Extension" */ = {
			isa = XCConfigurationList;
			buildConfigurations = (
				30727E951B8CE50400F76520 /* Debug */,
				30727E961B8CE50400F76520 /* Release */,
			);
			defaultConfigurationIsVisible = 0;
			defaultConfigurationName = Release;
		};
/* End XCConfigurationList section */

/* Begin XCVersionGroup section */
		30727E531B8CE47900F76520 /* workTrackR.xcdatamodeld */ = {
			isa = XCVersionGroup;
			children = (
				30727E541B8CE47900F76520 /* workTrackR.xcdatamodel */,
			);
			currentVersion = 30727E541B8CE47900F76520 /* workTrackR.xcdatamodel */;
			path = workTrackR.xcdatamodeld;
			sourceTree = "<group>";
			versionGroupType = wrapper.xcdatamodel;
		};
/* End XCVersionGroup section */
	};
	rootObject = 30727E441B8CE47900F76520 /* Project object */;
}
